// !$*UTF8*$!
{
	archiveVersion = 1;
	classes = {
	};
	objectVersion = 71;
	objects = {

/* Begin PBXBuildFile section */
		A10000000000000000000001 /* PowerBenchmarkApp.swift in Sources */ = {isa = PBXBuildFile; fileRef = A20000000000000000000001 /* PowerBenchmarkApp.swift */; };
		A10000000000000000000002 /* PowerAppModel.swift in Sources */ = {isa = PBXBuildFile; fileRef = A20000000000000000000002 /* PowerAppModel.swift */; };
		A10000000000000000000003 /* PowerRootView.swift in Sources */ = {isa = PBXBuildFile; fileRef = A20000000000000000000003 /* PowerRootView.swift */; };
		A10000000000000000000004 /* PowerTestView.swift in Sources */ = {isa = PBXBuildFile; fileRef = A20000000000000000000004 /* PowerTestView.swift */; };
		A10000000000000000000005 /* PowerResultsView.swift in Sources */ = {isa = PBXBuildFile; fileRef = A20000000000000000000005 /* PowerResultsView.swift */; };
		A10000000000000000000006 /* Power2CandidateIdentity.generated.swift in Sources */ = {isa = PBXBuildFile; fileRef = A20000000000000000000006 /* Power2CandidateIdentity.generated.swift */; };
		A10000000000000000000007 /* Power2CandidateCatalog.generated.swift in Sources */ = {isa = PBXBuildFile; fileRef = A20000000000000000000008 /* Power2CandidateCatalog.generated.swift */; };
		A10000000000000000000008 /* PowerAppBuildIdentity.swift in Sources */ = {isa = PBXBuildFile; fileRef = A20000000000000000000009 /* PowerAppBuildIdentity.swift */; };
		C10000000000000000000001 /* PowerEvidence in Frameworks */ = {isa = PBXBuildFile; productRef = C20000000000000000000001 /* PowerEvidence */; };
		C10000000000000000000002 /* PowerRunnerCore in Frameworks */ = {isa = PBXBuildFile; productRef = C20000000000000000000002 /* PowerRunnerCore */; };
		C10000000000000000000003 /* PowerTextProgram in Frameworks */ = {isa = PBXBuildFile; productRef = C20000000000000000000003 /* PowerTextProgram */; };
		C10000000000000000000004 /* PowerAppleTarget in Frameworks */ = {isa = PBXBuildFile; productRef = C20000000000000000000004 /* PowerAppleTarget */; };
		C10000000000000000000005 /* PowerMLXRuntime in Frameworks */ = {isa = PBXBuildFile; productRef = C20000000000000000000005 /* PowerMLXRuntime */; };
		C10000000000000000000006 /* PowerResultsStore in Frameworks */ = {isa = PBXBuildFile; productRef = C20000000000000000000006 /* PowerResultsStore */; };
		C10000000000000000000007 /* PowerSubmissionKit in Frameworks */ = {isa = PBXBuildFile; productRef = C20000000000000000000007 /* PowerSubmissionKit */; };
		C10000000000000000000008 /* PowerGitHubSubmission in Frameworks */ = {isa = PBXBuildFile; productRef = C20000000000000000000008 /* PowerGitHubSubmission */; };
/* End PBXBuildFile section */

/* Begin PBXFileReference section */
		A20000000000000000000001 /* PowerBenchmarkApp.swift */ = {isa = PBXFileReference; lastKnownFileType = sourcecode.swift; path = PowerBenchmarkApp.swift; sourceTree = "<group>"; };
		A20000000000000000000002 /* PowerAppModel.swift */ = {isa = PBXFileReference; lastKnownFileType = sourcecode.swift; path = PowerAppModel.swift; sourceTree = "<group>"; };
		A20000000000000000000003 /* PowerRootView.swift */ = {isa = PBXFileReference; lastKnownFileType = sourcecode.swift; path = PowerRootView.swift; sourceTree = "<group>"; };
		A20000000000000000000004 /* PowerTestView.swift */ = {isa = PBXFileReference; lastKnownFileType = sourcecode.swift; path = PowerTestView.swift; sourceTree = "<group>"; };
		A20000000000000000000005 /* PowerResultsView.swift */ = {isa = PBXFileReference; lastKnownFileType = sourcecode.swift; path = PowerResultsView.swift; sourceTree = "<group>"; };
		A20000000000000000000006 /* Power2CandidateIdentity.generated.swift */ = {isa = PBXFileReference; lastKnownFileType = sourcecode.swift; path = Power2CandidateIdentity.generated.swift; sourceTree = "<group>"; };
		A20000000000000000000007 /* PowerBenchmarkApp.app */ = {isa = PBXFileReference; explicitFileType = wrapper.application; path = PowerBenchmarkApp.app; sourceTree = BUILT_PRODUCTS_DIR; };
		A20000000000000000000008 /* Power2CandidateCatalog.generated.swift */ = {isa = PBXFileReference; lastKnownFileType = sourcecode.swift; path = Power2CandidateCatalog.generated.swift; sourceTree = "<group>"; };
		A20000000000000000000009 /* PowerAppBuildIdentity.swift */ = {isa = PBXFileReference; lastKnownFileType = sourcecode.swift; path = PowerAppBuildIdentity.swift; sourceTree = "<group>"; };
		A20000000000000000000010 /* Info.plist */ = {isa = PBXFileReference; lastKnownFileType = text.plist.xml; path = Info.plist; sourceTree = "<group>"; };
		A20000000000000000000011 /* Signing.xcconfig */ = {isa = PBXFileReference; lastKnownFileType = text.xcconfig; path = Signing.xcconfig; sourceTree = "<group>"; };
		A20000000000000000000012 /* LocalSigning.example.xcconfig */ = {isa = PBXFileReference; lastKnownFileType = text.xcconfig; path = LocalSigning.example.xcconfig; sourceTree = "<group>"; };
		A20000000000000000000013 /* ReleaseIdentity.json */ = {isa = PBXFileReference; lastKnownFileType = text.json; path = ReleaseIdentity.json; sourceTree = "<group>"; };
		A20000000000000000000014 /* ReleaseIdentity.generated.xcconfig */ = {isa = PBXFileReference; lastKnownFileType = text.xcconfig; path = ReleaseIdentity.generated.xcconfig; sourceTree = "<group>"; };
/* End PBXFileReference section */

/* Begin PBXFrameworksBuildPhase section */
		A60000000000000000000001 /* Frameworks */ = {
			isa = PBXFrameworksBuildPhase;
			buildActionMask = 2147483647;
			files = (
				C10000000000000000000001 /* PowerEvidence in Frameworks */,
				C10000000000000000000002 /* PowerRunnerCore in Frameworks */,
				C10000000000000000000003 /* PowerTextProgram in Frameworks */,
				C10000000000000000000004 /* PowerAppleTarget in Frameworks */,
				C10000000000000000000005 /* PowerMLXRuntime in Frameworks */,
				C10000000000000000000006 /* PowerResultsStore in Frameworks */,
				C10000000000000000000007 /* PowerSubmissionKit in Frameworks */,
				C10000000000000000000008 /* PowerGitHubSubmission in Frameworks */,
			);
			runOnlyForDeploymentPostprocessing = 0;
		};
/* End PBXFrameworksBuildPhase section */

/* Begin PBXGroup section */
		A70000000000000000000001 = {
			isa = PBXGroup;
			children = (
				A70000000000000000000002 /* PowerBenchmarkApp */,
				A70000000000000000000004 /* Configuration */,
				A20000000000000000000006 /* Power2CandidateIdentity.generated.swift */,
				A20000000000000000000008 /* Power2CandidateCatalog.generated.swift */,
				A70000000000000000000003 /* Products */,
			);
			sourceTree = "<group>";
		};
		A70000000000000000000002 /* PowerBenchmarkApp */ = {
			isa = PBXGroup;
			children = (
				A20000000000000000000001 /* PowerBenchmarkApp.swift */,
				A20000000000000000000002 /* PowerAppModel.swift */,
				A20000000000000000000003 /* PowerRootView.swift */,
				A20000000000000000000004 /* PowerTestView.swift */,
				A20000000000000000000005 /* PowerResultsView.swift */,
				A20000000000000000000009 /* PowerAppBuildIdentity.swift */,
				A20000000000000000000010 /* Info.plist */,
			);
			path = PowerBenchmarkApp;
			sourceTree = "<group>";
		};
		A70000000000000000000004 /* Configuration */ = {
			isa = PBXGroup;
			children = (
				A20000000000000000000011 /* Signing.xcconfig */,
				A20000000000000000000013 /* ReleaseIdentity.json */,
				A20000000000000000000014 /* ReleaseIdentity.generated.xcconfig */,
				A20000000000000000000012 /* LocalSigning.example.xcconfig */,
			);
			path = Configuration;
			sourceTree = "<group>";
		};
		A70000000000000000000003 /* Products */ = {
			isa = PBXGroup;
			children = (
				A20000000000000000000007 /* PowerBenchmarkApp.app */,
			);
			name = Products;
			sourceTree = "<group>";
		};
/* End PBXGroup section */

/* Begin PBXNativeTarget section */
		A50000000000000000000001 /* PowerBenchmarkApp */ = {
			isa = PBXNativeTarget;
			buildConfigurationList = A80000000000000000000001 /* Build configuration list for PBXNativeTarget "PowerBenchmarkApp" */;
			buildPhases = (
				A90000000000000000000001 /* Sources */,
				A60000000000000000000001 /* Frameworks */,
				A90000000000000000000002 /* Resources */,
			);
			buildRules = (
			);
			dependencies = (
			);
			name = PowerBenchmarkApp;
			packageProductDependencies = (
				C20000000000000000000001 /* PowerEvidence */,
				C20000000000000000000002 /* PowerRunnerCore */,
				C20000000000000000000003 /* PowerTextProgram */,
				C20000000000000000000004 /* PowerAppleTarget */,
				C20000000000000000000005 /* PowerMLXRuntime */,
				C20000000000000000000006 /* PowerResultsStore */,
				C20000000000000000000007 /* PowerSubmissionKit */,
				C20000000000000000000008 /* PowerGitHubSubmission */,
			);
			productName = PowerBenchmarkApp;
			productReference = A20000000000000000000007 /* PowerBenchmarkApp.app */;
			productType = "com.apple.product-type.application";
		};
/* End PBXNativeTarget section */

/* Begin PBXProject section */
		A40000000000000000000001 /* Project object */ = {
			isa = PBXProject;
			attributes = {
				BuildIndependentTargetsInParallel = 1;
				LastSwiftUpdateCheck = 2650;
				LastUpgradeCheck = 2650;
				TargetAttributes = {
					A50000000000000000000001 = {
						CreatedOnToolsVersion = 26.5;
					};
				};
			};
			buildConfigurationList = A80000000000000000000002 /* Build configuration list for PBXProject "PowerBenchmarkApp" */;
			compatibilityVersion = "Xcode 16.0";
			developmentRegion = en;
			hasScannedForEncodings = 0;
			knownRegions = (
				en,
				Base,
			);
			mainGroup = A70000000000000000000001;
			packageReferences = (
				C30000000000000000000001 /* XCLocalSwiftPackageReference "../PowerRunnerKit" */,
				C30000000000000000000002 /* XCLocalSwiftPackageReference "../PowerAppKit" */,
			);
			productRefGroup = A70000000000000000000003 /* Products */;
			projectDirPath = "";
			projectRoot = "";
			targets = (
				A50000000000000000000001 /* PowerBenchmarkApp */,
			);
		};
/* End PBXProject section */

/* Begin PBXResourcesBuildPhase section */
		A90000000000000000000002 /* Resources */ = {
			isa = PBXResourcesBuildPhase;
			buildActionMask = 2147483647;
			files = (
			);
			runOnlyForDeploymentPostprocessing = 0;
		};
/* End PBXResourcesBuildPhase section */

/* Begin PBXSourcesBuildPhase section */
		A90000000000000000000001 /* Sources */ = {
			isa = PBXSourcesBuildPhase;
			buildActionMask = 2147483647;
			files = (
				A10000000000000000000001 /* PowerBenchmarkApp.swift in Sources */,
				A10000000000000000000002 /* PowerAppModel.swift in Sources */,
				A10000000000000000000003 /* PowerRootView.swift in Sources */,
				A10000000000000000000004 /* PowerTestView.swift in Sources */,
				A10000000000000000000005 /* PowerResultsView.swift in Sources */,
				A10000000000000000000006 /* Power2CandidateIdentity.generated.swift in Sources */,
				A10000000000000000000007 /* Power2CandidateCatalog.generated.swift in Sources */,
				A10000000000000000000008 /* PowerAppBuildIdentity.swift in Sources */,
			);
			runOnlyForDeploymentPostprocessing = 0;
		};
/* End PBXSourcesBuildPhase section */

/* Begin XCBuildConfiguration section */
		B10000000000000000000001 /* Debug */ = {
			isa = XCBuildConfiguration;
			buildSettings = {
				ALWAYS_SEARCH_USER_PATHS = NO;
				CLANG_ENABLE_MODULES = YES;
				IPHONEOS_DEPLOYMENT_TARGET = 17.0;
				SDKROOT = iphoneos;
				SWIFT_VERSION = 6.0;
			};
			name = Debug;
		};
		B10000000000000000000002 /* Release */ = {
			isa = XCBuildConfiguration;
			buildSettings = {
				ALWAYS_SEARCH_USER_PATHS = NO;
				CLANG_ENABLE_MODULES = YES;
				IPHONEOS_DEPLOYMENT_TARGET = 17.0;
				SDKROOT = iphoneos;
				SWIFT_VERSION = 6.0;
			};
			name = Release;
		};
		B10000000000000000000003 /* Debug */ = {
			isa = XCBuildConfiguration;
			baseConfigurationReference = A20000000000000000000011 /* Signing.xcconfig */;
			buildSettings = {
				CODE_SIGN_STYLE = Automatic;
				ENABLE_PREVIEWS = YES;
				GENERATE_INFOPLIST_FILE = NO;
				GITHUB_OAUTH_CLIENT_ID = Ov23lidyeZdONyrU4Pvy;
				INFOPLIST_FILE = PowerBenchmarkApp/Info.plist;
				POWER_APP_DISPLAY_NAME = "$(POWER_APP_DEVELOPER_DISPLAY_NAME)";
				POWER_BUILD_KIND = developer;
				POWER_SOURCE_REVISION = "";
				PRODUCT_BUNDLE_IDENTIFIER = "$(POWER_APP_DEVELOPER_BUNDLE_IDENTIFIER)";
				PRODUCT_NAME = "$(TARGET_NAME)";
				SUPPORTED_PLATFORMS = "iphoneos iphonesimulator";
				SUPPORTS_MACCATALYST = NO;
				SUPPORTS_XR_DESIGNED_FOR_IPHONE_IPAD = NO;
				SWIFT_EMIT_LOC_STRINGS = YES;
				SWIFT_OPTIMIZATION_LEVEL = "-Onone";
				TARGETED_DEVICE_FAMILY = 1;
			};
			name = Debug;
		};
		B10000000000000000000004 /* Release */ = {
			isa = XCBuildConfiguration;
			baseConfigurationReference = A20000000000000000000011 /* Signing.xcconfig */;
			buildSettings = {
				CODE_SIGN_STYLE = Automatic;
				GENERATE_INFOPLIST_FILE = NO;
				GITHUB_OAUTH_CLIENT_ID = Ov23lidyeZdONyrU4Pvy;
				INFOPLIST_FILE = PowerBenchmarkApp/Info.plist;
				POWER_APP_DISPLAY_NAME = "$(POWER_APP_DEVELOPER_DISPLAY_NAME)";
				POWER_BUILD_KIND = developer;
				POWER_SOURCE_REVISION = "";
				PRODUCT_BUNDLE_IDENTIFIER = "$(POWER_APP_DEVELOPER_BUNDLE_IDENTIFIER)";
				PRODUCT_NAME = "$(TARGET_NAME)";
				SUPPORTED_PLATFORMS = "iphoneos iphonesimulator";
				SUPPORTS_MACCATALYST = NO;
				SUPPORTS_XR_DESIGNED_FOR_IPHONE_IPAD = NO;
				SWIFT_COMPILATION_MODE = wholemodule;
				SWIFT_EMIT_LOC_STRINGS = YES;
				TARGETED_DEVICE_FAMILY = 1;
			};
			name = Release;
		};
		B10000000000000000000005 /* Certification */ = {
			isa = XCBuildConfiguration;
			buildSettings = {
				ALWAYS_SEARCH_USER_PATHS = NO;
				CLANG_ENABLE_MODULES = YES;
				IPHONEOS_DEPLOYMENT_TARGET = 17.0;
				SDKROOT = iphoneos;
				SWIFT_VERSION = 6.0;
			};
			name = Certification;
		};
		B10000000000000000000007 /* Official */ = {
			isa = XCBuildConfiguration;
			buildSettings = {
				ALWAYS_SEARCH_USER_PATHS = NO;
				CLANG_ENABLE_MODULES = YES;
				IPHONEOS_DEPLOYMENT_TARGET = 17.0;
				SDKROOT = iphoneos;
				SWIFT_VERSION = 6.0;
			};
			name = Official;
		};
		B10000000000000000000006 /* Certification */ = {
			isa = XCBuildConfiguration;
			baseConfigurationReference = A20000000000000000000011 /* Signing.xcconfig */;
			buildSettings = {
				CODE_SIGN_STYLE = Automatic;
				GENERATE_INFOPLIST_FILE = NO;
				GITHUB_OAUTH_CLIENT_ID = Ov23lidyeZdONyrU4Pvy;
				INFOPLIST_FILE = PowerBenchmarkApp/Info.plist;
				POWER_APP_DISPLAY_NAME = "$(POWER_APP_CERTIFICATION_DISPLAY_NAME)";
				POWER_BUILD_KIND = certification;
				POWER_SOURCE_REVISION = "";
				PRODUCT_BUNDLE_IDENTIFIER = "$(POWER_APP_CERTIFICATION_BUNDLE_IDENTIFIER)";
				PRODUCT_NAME = "$(TARGET_NAME)";
				SUPPORTED_PLATFORMS = "iphoneos";
				SUPPORTS_MACCATALYST = NO;
				SUPPORTS_XR_DESIGNED_FOR_IPHONE_IPAD = NO;
				SWIFT_ACTIVE_COMPILATION_CONDITIONS = "$(inherited) POWER_CERTIFICATION";
				SWIFT_COMPILATION_MODE = wholemodule;
				SWIFT_EMIT_LOC_STRINGS = YES;
				TARGETED_DEVICE_FAMILY = 1;
			};
			name = Certification;
		};
		B10000000000000000000008 /* Official */ = {
			isa = XCBuildConfiguration;
			baseConfigurationReference = A20000000000000000000011 /* Signing.xcconfig */;
			buildSettings = {
				CODE_SIGN_STYLE = Automatic;
				GENERATE_INFOPLIST_FILE = NO;
				GITHUB_OAUTH_CLIENT_ID = Ov23lidyeZdONyrU4Pvy;
				INFOPLIST_FILE = PowerBenchmarkApp/Info.plist;
				POWER_APP_DISPLAY_NAME = "$(POWER_APP_OFFICIAL_DISPLAY_NAME)";
				POWER_BUILD_KIND = official;
				POWER_SOURCE_REVISION = "";
				PRODUCT_BUNDLE_IDENTIFIER = "$(POWER_APP_OFFICIAL_BUNDLE_IDENTIFIER)";
				PRODUCT_NAME = "$(TARGET_NAME)";
				SUPPORTED_PLATFORMS = "iphoneos";
				SUPPORTS_MACCATALYST = NO;
				SUPPORTS_XR_DESIGNED_FOR_IPHONE_IPAD = NO;
				SWIFT_ACTIVE_COMPILATION_CONDITIONS = "$(inherited) POWER_OFFICIAL";
				SWIFT_COMPILATION_MODE = wholemodule;
				SWIFT_EMIT_LOC_STRINGS = YES;
				TARGETED_DEVICE_FAMILY = 1;
			};
			name = Official;
		};
/* End XCBuildConfiguration section */

/* Begin XCConfigurationList section */
		A80000000000000000000001 /* Build configuration list for PBXNativeTarget "PowerBenchmarkApp" */ = {
			isa = XCConfigurationList;
			buildConfigurations = (
				B10000000000000000000003 /* Debug */,
				B10000000000000000000004 /* Release */,
				B10000000000000000000006 /* Certification */,
				B10000000000000000000008 /* Official */,
			);
			defaultConfigurationIsVisible = 0;
			defaultConfigurationName = Release;
		};
		A80000000000000000000002 /* Build configuration list for PBXProject "PowerBenchmarkApp" */ = {
			isa = XCConfigurationList;
			buildConfigurations = (
				B10000000000000000000001 /* Debug */,
				B10000000000000000000002 /* Release */,
				B10000000000000000000005 /* Certification */,
				B10000000000000000000007 /* Official */,
			);
			defaultConfigurationIsVisible = 0;
			defaultConfigurationName = Release;
		};
/* End XCConfigurationList section */

/* Begin XCLocalSwiftPackageReference section */
		C30000000000000000000001 /* XCLocalSwiftPackageReference "../PowerRunnerKit" */ = {
			isa = XCLocalSwiftPackageReference;
			relativePath = ../PowerRunnerKit;
		};
		C30000000000000000000002 /* XCLocalSwiftPackageReference "../PowerAppKit" */ = {
			isa = XCLocalSwiftPackageReference;
			relativePath = ../PowerAppKit;
		};
/* End XCLocalSwiftPackageReference section */

/* Begin XCSwiftPackageProductDependency section */
		C20000000000000000000001 /* PowerEvidence */ = {
			isa = XCSwiftPackageProductDependency;
			package = C30000000000000000000001 /* XCLocalSwiftPackageReference "../PowerRunnerKit" */;
			productName = PowerEvidence;
		};
		C20000000000000000000002 /* PowerRunnerCore */ = {
			isa = XCSwiftPackageProductDependency;
			package = C30000000000000000000001 /* XCLocalSwiftPackageReference "../PowerRunnerKit" */;
			productName = PowerRunnerCore;
		};
		C20000000000000000000003 /* PowerTextProgram */ = {
			isa = XCSwiftPackageProductDependency;
			package = C30000000000000000000001 /* XCLocalSwiftPackageReference "../PowerRunnerKit" */;
			productName = PowerTextProgram;
		};
		C20000000000000000000004 /* PowerAppleTarget */ = {
			isa = XCSwiftPackageProductDependency;
			package = C30000000000000000000001 /* XCLocalSwiftPackageReference "../PowerRunnerKit" */;
			productName = PowerAppleTarget;
		};
		C20000000000000000000005 /* PowerMLXRuntime */ = {
			isa = XCSwiftPackageProductDependency;
			package = C30000000000000000000001 /* XCLocalSwiftPackageReference "../PowerRunnerKit" */;
			productName = PowerMLXRuntime;
		};
		C20000000000000000000006 /* PowerResultsStore */ = {
			isa = XCSwiftPackageProductDependency;
			package = C30000000000000000000002 /* XCLocalSwiftPackageReference "../PowerAppKit" */;
			productName = PowerResultsStore;
		};
		C20000000000000000000007 /* PowerSubmissionKit */ = {
			isa = XCSwiftPackageProductDependency;
			package = C30000000000000000000002 /* XCLocalSwiftPackageReference "../PowerAppKit" */;
			productName = PowerSubmissionKit;
		};
		C20000000000000000000008 /* PowerGitHubSubmission */ = {
			isa = XCSwiftPackageProductDependency;
			package = C30000000000000000000002 /* XCLocalSwiftPackageReference "../PowerAppKit" */;
			productName = PowerGitHubSubmission;
		};
/* End XCSwiftPackageProductDependency section */
	};
	rootObject = A40000000000000000000001 /* Project object */;
}
