// !$*UTF8*$!
{
	archiveVersion = 1;
	classes = {
	};
	objectVersion = 71;
	objects = {

/* Begin PBXBuildFile section */
		A10000000000000000000001 /* BenchmarkApp.swift in Sources */ = {isa = PBXBuildFile; fileRef = A20000000000000000000001 /* BenchmarkApp.swift */; };
		A10000000000000000000002 /* RunBenchmarkView.swift in Sources */ = {isa = PBXBuildFile; fileRef = A20000000000000000000002 /* RunBenchmarkView.swift */; };
		A10000000000000000000003 /* DeviceEnvironment.swift in Sources */ = {isa = PBXBuildFile; fileRef = A20000000000000000000003 /* DeviceEnvironment.swift */; };
		A10000000000000000000004 /* LanguageModelRuntime.swift in Sources */ = {isa = PBXBuildFile; fileRef = A20000000000000000000004 /* LanguageModelRuntime.swift */; };
		A10000000000000000000005 /* BenchmarkRunner.swift in Sources */ = {isa = PBXBuildFile; fileRef = A20000000000000000000005 /* BenchmarkRunner.swift */; };
		A10000000000000000000006 /* BenchmarkRunnerTests.swift in Sources */ = {isa = PBXBuildFile; fileRef = A20000000000000000000006 /* BenchmarkRunnerTests.swift */; };
		A10000000000000000000007 /* XCTest.framework in Frameworks */ = {isa = PBXBuildFile; fileRef = A20000000000000000000009 /* XCTest.framework */; };
		A10000000000000000000008 /* MLXSwiftRuntime.swift in Sources */ = {isa = PBXBuildFile; fileRef = A20000000000000000000010 /* MLXSwiftRuntime.swift */; };
		A10000000000000000000009 /* BenchmarkViewModel.swift in Sources */ = {isa = PBXBuildFile; fileRef = A20000000000000000000011 /* BenchmarkViewModel.swift */; };
		A10000000000000000000010 /* workloads/suite-b-pilot-001-prompt.txt in Resources */ = {isa = PBXBuildFile; fileRef = A20000000000000000000012 /* workloads/suite-b-pilot-001-prompt.txt */; };
		A10000000000000000000011 /* DeviceModelCatalog.swift in Sources */ = {isa = PBXBuildFile; fileRef = A20000000000000000000013 /* DeviceModelCatalog.swift */; };
		A10000000000000000000012 /* SystemMeasurements.swift in Sources */ = {isa = PBXBuildFile; fileRef = A20000000000000000000014 /* SystemMeasurements.swift */; };
		A10000000000000000000013 /* BenchmarkMetrics.swift in Sources */ = {isa = PBXBuildFile; fileRef = A20000000000000000000015 /* BenchmarkMetrics.swift */; };
		A10000000000000000000014 /* PilotResultBundle.swift in Sources */ = {isa = PBXBuildFile; fileRef = A20000000000000000000016 /* PilotResultBundle.swift */; };
		A10000000000000000000015 /* ResultStore.swift in Sources */ = {isa = PBXBuildFile; fileRef = A20000000000000000000017 /* ResultStore.swift */; };
		A10000000000000000000016 /* ExecutionEnvironment.swift in Sources */ = {isa = PBXBuildFile; fileRef = A20000000000000000000018 /* ExecutionEnvironment.swift */; };
		A10000000000000000000017 /* PilotPlan.swift in Sources */ = {isa = PBXBuildFile; fileRef = A20000000000000000000019 /* PilotPlan.swift */; };
		A10000000000000000000018 /* ModelPreparation.swift in Sources */ = {isa = PBXBuildFile; fileRef = A20000000000000000000020 /* ModelPreparation.swift */; };
		A10000000000000000000019 /* benchmark-plans/suite-b-pilot-001.json in Resources */ = {isa = PBXBuildFile; fileRef = A20000000000000000000021 /* benchmark-plans/suite-b-pilot-001.json */; };
		A10000000000000000000020 /* ModelPreparationTests.swift in Sources */ = {isa = PBXBuildFile; fileRef = A20000000000000000000022 /* ModelPreparationTests.swift */; };
		A10000000000000000000021 /* workloads/b-ux-001-short-interaction-prompt.txt in Resources */ = {isa = PBXBuildFile; fileRef = A20000000000000000000023 /* workloads/b-ux-001-short-interaction-prompt.txt */; };
		A10000000000000000000022 /* benchmark-plans/b-ux-001-short-interaction.json in Resources */ = {isa = PBXBuildFile; fileRef = A20000000000000000000024 /* benchmark-plans/b-ux-001-short-interaction.json */; };
		A10000000000000000000023 /* UXResultBundle.swift in Sources */ = {isa = PBXBuildFile; fileRef = A20000000000000000000025 /* UXResultBundle.swift */; };
		A10000000000000000000024 /* InputSweepResultBundle.swift in Sources */ = {isa = PBXBuildFile; fileRef = A20000000000000000000026 /* InputSweepResultBundle.swift */; };
		A10000000000000000000025 /* b-ux-002-context-assistance-document.txt in Resources */ = {isa = PBXBuildFile; fileRef = A20000000000000000000027 /* b-ux-002-context-assistance-document.txt */; };
		A10000000000000000000026 /* b-ux-002-context-assistance-question.txt in Resources */ = {isa = PBXBuildFile; fileRef = A20000000000000000000028 /* b-ux-002-context-assistance-question.txt */; };
		A10000000000000000000027 /* ContextAnswerContract.swift in Sources */ = {isa = PBXBuildFile; fileRef = A20000000000000000000029 /* ContextAnswerContract.swift */; };
		A10000000000000000000028 /* ContextAssistanceResultBundle.swift in Sources */ = {isa = PBXBuildFile; fileRef = A20000000000000000000030 /* ContextAssistanceResultBundle.swift */; };
		A10000000000000000000029 /* SuiteBPlanRegistry.swift in Sources */ = {isa = PBXBuildFile; fileRef = A20000000000000000000031 /* SuiteBPlanRegistry.swift */; };
		A10000000000000000000030 /* benchmark-plans/suite-b-workload-registry.json in Resources */ = {isa = PBXBuildFile; fileRef = A20000000000000000000032 /* benchmark-plans/suite-b-workload-registry.json */; };
		A10000000000000000000031 /* SuiteBResultBundle.swift in Sources */ = {isa = PBXBuildFile; fileRef = A20000000000000000000033 /* SuiteBResultBundle.swift */; };
		A10000000000000000000032 /* CommunitySubmissionBundle.swift in Sources */ = {isa = PBXBuildFile; fileRef = A20000000000000000000034 /* CommunitySubmissionBundle.swift */; };
		C10000000000000000000001 /* MLXLLM in Frameworks */ = {isa = PBXBuildFile; productRef = C20000000000000000000001 /* MLXLLM */; };
		C10000000000000000000002 /* MLXLMCommon in Frameworks */ = {isa = PBXBuildFile; productRef = C20000000000000000000002 /* MLXLMCommon */; };
		C10000000000000000000004 /* HuggingFace in Frameworks */ = {isa = PBXBuildFile; productRef = C20000000000000000000004 /* HuggingFace */; };
		C10000000000000000000005 /* Tokenizers in Frameworks */ = {isa = PBXBuildFile; productRef = C20000000000000000000005 /* Tokenizers */; };
/* End PBXBuildFile section */

/* Begin PBXContainerItemProxy section */
		A30000000000000000000001 /* PBXContainerItemProxy */ = {
			isa = PBXContainerItemProxy;
			containerPortal = A40000000000000000000001 /* Project object */;
			proxyType = 1;
			remoteGlobalIDString = A50000000000000000000001;
			remoteInfo = BenchmarkApp;
		};
/* End PBXContainerItemProxy section */

/* Begin PBXFileReference section */
		A20000000000000000000001 /* BenchmarkApp.swift */ = {isa = PBXFileReference; lastKnownFileType = sourcecode.swift; path = BenchmarkApp.swift; sourceTree = "<group>"; };
		A20000000000000000000002 /* RunBenchmarkView.swift */ = {isa = PBXFileReference; lastKnownFileType = sourcecode.swift; path = RunBenchmarkView.swift; sourceTree = "<group>"; };
		A20000000000000000000003 /* DeviceEnvironment.swift */ = {isa = PBXFileReference; lastKnownFileType = sourcecode.swift; path = DeviceEnvironment.swift; sourceTree = "<group>"; };
		A20000000000000000000004 /* LanguageModelRuntime.swift */ = {isa = PBXFileReference; lastKnownFileType = sourcecode.swift; path = LanguageModelRuntime.swift; sourceTree = "<group>"; };
		A20000000000000000000005 /* BenchmarkRunner.swift */ = {isa = PBXFileReference; lastKnownFileType = sourcecode.swift; path = BenchmarkRunner.swift; sourceTree = "<group>"; };
		A20000000000000000000006 /* BenchmarkRunnerTests.swift */ = {isa = PBXFileReference; lastKnownFileType = sourcecode.swift; path = BenchmarkRunnerTests.swift; sourceTree = "<group>"; };
		A20000000000000000000007 /* BenchmarkApp.app */ = {isa = PBXFileReference; explicitFileType = wrapper.application; path = BenchmarkApp.app; sourceTree = BUILT_PRODUCTS_DIR; };
		A20000000000000000000008 /* BenchmarkAppTests.xctest */ = {isa = PBXFileReference; explicitFileType = wrapper.cfbundle; path = BenchmarkAppTests.xctest; sourceTree = BUILT_PRODUCTS_DIR; };
		A20000000000000000000009 /* XCTest.framework */ = {isa = PBXFileReference; lastKnownFileType = wrapper.framework; name = XCTest.framework; path = System/Library/Frameworks/XCTest.framework; sourceTree = SDKROOT; };
		A20000000000000000000010 /* MLXSwiftRuntime.swift */ = {isa = PBXFileReference; lastKnownFileType = sourcecode.swift; path = MLXSwiftRuntime.swift; sourceTree = "<group>"; };
		A20000000000000000000011 /* BenchmarkViewModel.swift */ = {isa = PBXFileReference; lastKnownFileType = sourcecode.swift; path = BenchmarkViewModel.swift; sourceTree = "<group>"; };
		A20000000000000000000012 /* workloads/suite-b-pilot-001-prompt.txt */ = {isa = PBXFileReference; lastKnownFileType = text; path = "workloads/suite-b-pilot-001-prompt.txt"; sourceTree = SOURCE_ROOT; };
		A20000000000000000000013 /* DeviceModelCatalog.swift */ = {isa = PBXFileReference; lastKnownFileType = sourcecode.swift; path = DeviceModelCatalog.swift; sourceTree = "<group>"; };
		A20000000000000000000014 /* SystemMeasurements.swift */ = {isa = PBXFileReference; lastKnownFileType = sourcecode.swift; path = SystemMeasurements.swift; sourceTree = "<group>"; };
		A20000000000000000000015 /* BenchmarkMetrics.swift */ = {isa = PBXFileReference; lastKnownFileType = sourcecode.swift; path = BenchmarkMetrics.swift; sourceTree = "<group>"; };
		A20000000000000000000016 /* PilotResultBundle.swift */ = {isa = PBXFileReference; lastKnownFileType = sourcecode.swift; path = PilotResultBundle.swift; sourceTree = "<group>"; };
		A20000000000000000000017 /* ResultStore.swift */ = {isa = PBXFileReference; lastKnownFileType = sourcecode.swift; path = ResultStore.swift; sourceTree = "<group>"; };
		A20000000000000000000018 /* ExecutionEnvironment.swift */ = {isa = PBXFileReference; lastKnownFileType = sourcecode.swift; path = ExecutionEnvironment.swift; sourceTree = "<group>"; };
		A20000000000000000000019 /* PilotPlan.swift */ = {isa = PBXFileReference; lastKnownFileType = sourcecode.swift; path = PilotPlan.swift; sourceTree = "<group>"; };
		A20000000000000000000020 /* ModelPreparation.swift */ = {isa = PBXFileReference; lastKnownFileType = sourcecode.swift; path = ModelPreparation.swift; sourceTree = "<group>"; };
		A20000000000000000000021 /* benchmark-plans/suite-b-pilot-001.json */ = {isa = PBXFileReference; lastKnownFileType = text.json; path = "benchmark-plans/suite-b-pilot-001.json"; sourceTree = SOURCE_ROOT; };
		A20000000000000000000022 /* ModelPreparationTests.swift */ = {isa = PBXFileReference; lastKnownFileType = sourcecode.swift; path = ModelPreparationTests.swift; sourceTree = "<group>"; };
		A20000000000000000000023 /* workloads/b-ux-001-short-interaction-prompt.txt */ = {isa = PBXFileReference; lastKnownFileType = text; path = "workloads/b-ux-001-short-interaction-prompt.txt"; sourceTree = SOURCE_ROOT; };
		A20000000000000000000024 /* benchmark-plans/b-ux-001-short-interaction.json */ = {isa = PBXFileReference; lastKnownFileType = text.json; path = "benchmark-plans/b-ux-001-short-interaction.json"; sourceTree = SOURCE_ROOT; };
		A20000000000000000000025 /* UXResultBundle.swift */ = {isa = PBXFileReference; lastKnownFileType = sourcecode.swift; path = UXResultBundle.swift; sourceTree = "<group>"; };
		A20000000000000000000026 /* InputSweepResultBundle.swift */ = {isa = PBXFileReference; lastKnownFileType = sourcecode.swift; path = InputSweepResultBundle.swift; sourceTree = "<group>"; };
		A20000000000000000000027 /* b-ux-002-context-assistance-document.txt */ = {isa = PBXFileReference; lastKnownFileType = text; path = "workloads/b-ux-002-context-assistance-document.txt"; sourceTree = SOURCE_ROOT; };
		A20000000000000000000028 /* b-ux-002-context-assistance-question.txt */ = {isa = PBXFileReference; lastKnownFileType = text; path = "workloads/b-ux-002-context-assistance-question.txt"; sourceTree = SOURCE_ROOT; };
		A20000000000000000000029 /* ContextAnswerContract.swift */ = {isa = PBXFileReference; lastKnownFileType = sourcecode.swift; path = ContextAnswerContract.swift; sourceTree = "<group>"; };
		A20000000000000000000030 /* ContextAssistanceResultBundle.swift */ = {isa = PBXFileReference; lastKnownFileType = sourcecode.swift; path = ContextAssistanceResultBundle.swift; sourceTree = "<group>"; };
		A20000000000000000000031 /* SuiteBPlanRegistry.swift */ = {isa = PBXFileReference; lastKnownFileType = sourcecode.swift; path = SuiteBPlanRegistry.swift; sourceTree = "<group>"; };
		A20000000000000000000032 /* benchmark-plans/suite-b-workload-registry.json */ = {isa = PBXFileReference; lastKnownFileType = text.json; path = "benchmark-plans/suite-b-workload-registry.json"; sourceTree = SOURCE_ROOT; };
		A20000000000000000000033 /* SuiteBResultBundle.swift */ = {isa = PBXFileReference; lastKnownFileType = sourcecode.swift; path = SuiteBResultBundle.swift; sourceTree = "<group>"; };
		A20000000000000000000034 /* CommunitySubmissionBundle.swift */ = {isa = PBXFileReference; lastKnownFileType = sourcecode.swift; path = CommunitySubmissionBundle.swift; sourceTree = "<group>"; };
/* End PBXFileReference section */

/* Begin PBXFrameworksBuildPhase section */
		A60000000000000000000001 /* Frameworks */ = {
			isa = PBXFrameworksBuildPhase;
			buildActionMask = 2147483647;
			files = (
				C10000000000000000000001 /* MLXLLM in Frameworks */,
				C10000000000000000000002 /* MLXLMCommon in Frameworks */,
				C10000000000000000000004 /* HuggingFace in Frameworks */,
				C10000000000000000000005 /* Tokenizers in Frameworks */,
			);
			runOnlyForDeploymentPostprocessing = 0;
		};
		A60000000000000000000002 /* Frameworks */ = {
			isa = PBXFrameworksBuildPhase;
			buildActionMask = 2147483647;
			files = (
				A10000000000000000000007 /* XCTest.framework in Frameworks */,
			);
			runOnlyForDeploymentPostprocessing = 0;
		};
/* End PBXFrameworksBuildPhase section */

/* Begin PBXGroup section */
		A70000000000000000000001 = {
			isa = PBXGroup;
			children = (
				A70000000000000000000002 /* BenchmarkApp */,
				A70000000000000000000003 /* BenchmarkAppTests */,
				A70000000000000000000004 /* Products */,
				A20000000000000000000012 /* workloads/suite-b-pilot-001-prompt.txt */,
				A20000000000000000000021 /* benchmark-plans/suite-b-pilot-001.json */,
				A20000000000000000000023 /* workloads/b-ux-001-short-interaction-prompt.txt */,
				A20000000000000000000024 /* benchmark-plans/b-ux-001-short-interaction.json */,
				A20000000000000000000027 /* b-ux-002-context-assistance-document.txt */,
				A20000000000000000000028 /* b-ux-002-context-assistance-question.txt */,
				A20000000000000000000009 /* XCTest.framework */,
			);
			sourceTree = "<group>";
		};
		A70000000000000000000002 /* BenchmarkApp */ = {
			isa = PBXGroup;
			children = (
				A20000000000000000000001 /* BenchmarkApp.swift */,
				A20000000000000000000002 /* RunBenchmarkView.swift */,
				A20000000000000000000003 /* DeviceEnvironment.swift */,
				A20000000000000000000013 /* DeviceModelCatalog.swift */,
				A20000000000000000000014 /* SystemMeasurements.swift */,
				A20000000000000000000018 /* ExecutionEnvironment.swift */,
				A20000000000000000000019 /* PilotPlan.swift */,
				A20000000000000000000020 /* ModelPreparation.swift */,
				A20000000000000000000004 /* LanguageModelRuntime.swift */,
				A20000000000000000000005 /* BenchmarkRunner.swift */,
				A20000000000000000000015 /* BenchmarkMetrics.swift */,
				A20000000000000000000016 /* PilotResultBundle.swift */,
				A20000000000000000000025 /* UXResultBundle.swift */,
				A20000000000000000000026 /* InputSweepResultBundle.swift */,
				A20000000000000000000029 /* ContextAnswerContract.swift */,
				A20000000000000000000030 /* ContextAssistanceResultBundle.swift */,
				A20000000000000000000031 /* SuiteBPlanRegistry.swift */,
				A20000000000000000000033 /* SuiteBResultBundle.swift */,
				A20000000000000000000034 /* CommunitySubmissionBundle.swift */,
				A20000000000000000000017 /* ResultStore.swift */,
				A20000000000000000000010 /* MLXSwiftRuntime.swift */,
				A20000000000000000000011 /* BenchmarkViewModel.swift */,
			);
			path = BenchmarkApp;
			sourceTree = "<group>";
		};
		A70000000000000000000003 /* BenchmarkAppTests */ = {
			isa = PBXGroup;
			children = (
				A20000000000000000000006 /* BenchmarkRunnerTests.swift */,
				A20000000000000000000022 /* ModelPreparationTests.swift */,
			);
			path = BenchmarkAppTests;
			sourceTree = "<group>";
		};
		A70000000000000000000004 /* Products */ = {
			isa = PBXGroup;
			children = (
				A20000000000000000000007 /* BenchmarkApp.app */,
				A20000000000000000000008 /* BenchmarkAppTests.xctest */,
			);
			name = Products;
			sourceTree = "<group>";
		};
/* End PBXGroup section */

/* Begin PBXNativeTarget section */
		A50000000000000000000001 /* BenchmarkApp */ = {
			isa = PBXNativeTarget;
			buildConfigurationList = A80000000000000000000001 /* Build configuration list for PBXNativeTarget "BenchmarkApp" */;
			buildPhases = (
				A90000000000000000000001 /* Sources */,
				A60000000000000000000001 /* Frameworks */,
				A90000000000000000000002 /* Resources */,
			);
			buildRules = (
			);
			dependencies = (
			);
			name = BenchmarkApp;
			packageProductDependencies = (
				C20000000000000000000001 /* MLXLLM */,
				C20000000000000000000002 /* MLXLMCommon */,
				C20000000000000000000004 /* HuggingFace */,
				C20000000000000000000005 /* Tokenizers */,
			);
			productName = BenchmarkApp;
			productReference = A20000000000000000000007 /* BenchmarkApp.app */;
			productType = "com.apple.product-type.application";
		};
		A50000000000000000000002 /* BenchmarkAppTests */ = {
			isa = PBXNativeTarget;
			buildConfigurationList = A80000000000000000000002 /* Build configuration list for PBXNativeTarget "BenchmarkAppTests" */;
			buildPhases = (
				A90000000000000000000003 /* Sources */,
				A60000000000000000000002 /* Frameworks */,
				A90000000000000000000004 /* Resources */,
			);
			buildRules = (
			);
			dependencies = (
				A30000000000000000000002 /* PBXTargetDependency */,
			);
			name = BenchmarkAppTests;
			productName = BenchmarkAppTests;
			productReference = A20000000000000000000008 /* BenchmarkAppTests.xctest */;
			productType = "com.apple.product-type.bundle.unit-test";
		};
/* End PBXNativeTarget section */

/* Begin PBXProject section */
		A40000000000000000000001 /* Project object */ = {
			isa = PBXProject;
			attributes = {
				BuildIndependentTargetsInParallel = 1;
				LastSwiftUpdateCheck = 2650;
				LastUpgradeCheck = 2650;
				TargetAttributes = {
					A50000000000000000000001 = {
						CreatedOnToolsVersion = 26.5;
					};
					A50000000000000000000002 = {
						CreatedOnToolsVersion = 26.5;
						TestTargetID = A50000000000000000000001;
					};
				};
			};
			buildConfigurationList = A80000000000000000000003 /* Build configuration list for PBXProject "BenchmarkApp" */;
			compatibilityVersion = "Xcode 16.0";
			developmentRegion = en;
			hasScannedForEncodings = 0;
			knownRegions = (
				en,
				Base,
			);
			mainGroup = A70000000000000000000001;
			packageReferences = (
				C30000000000000000000001 /* XCRemoteSwiftPackageReference "mlx-swift-lm" */,
				C30000000000000000000002 /* XCRemoteSwiftPackageReference "swift-huggingface" */,
				C30000000000000000000003 /* XCRemoteSwiftPackageReference "swift-transformers" */,
			);
			productRefGroup = A70000000000000000000004 /* Products */;
			projectDirPath = "";
			projectRoot = "";
			targets = (
				A50000000000000000000001 /* BenchmarkApp */,
				A50000000000000000000002 /* BenchmarkAppTests */,
			);
		};
/* End PBXProject section */

/* Begin PBXResourcesBuildPhase section */
		A90000000000000000000002 /* Resources */ = {
			isa = PBXResourcesBuildPhase;
			buildActionMask = 2147483647;
			files = (
				A10000000000000000000010 /* workloads/suite-b-pilot-001-prompt.txt in Resources */,
				A10000000000000000000019 /* benchmark-plans/suite-b-pilot-001.json in Resources */,
				A10000000000000000000021 /* workloads/b-ux-001-short-interaction-prompt.txt in Resources */,
				A10000000000000000000022 /* benchmark-plans/b-ux-001-short-interaction.json in Resources */,
				A10000000000000000000025 /* b-ux-002-context-assistance-document.txt in Resources */,
				A10000000000000000000026 /* b-ux-002-context-assistance-question.txt in Resources */,
				A10000000000000000000030 /* benchmark-plans/suite-b-workload-registry.json in Resources */,
			);
			runOnlyForDeploymentPostprocessing = 0;
		};
		A90000000000000000000004 /* Resources */ = {
			isa = PBXResourcesBuildPhase;
			buildActionMask = 2147483647;
			files = (
			);
			runOnlyForDeploymentPostprocessing = 0;
		};
/* End PBXResourcesBuildPhase section */

/* Begin PBXSourcesBuildPhase section */
		A90000000000000000000001 /* Sources */ = {
			isa = PBXSourcesBuildPhase;
			buildActionMask = 2147483647;
			files = (
				A10000000000000000000001 /* BenchmarkApp.swift in Sources */,
				A10000000000000000000002 /* RunBenchmarkView.swift in Sources */,
				A10000000000000000000003 /* DeviceEnvironment.swift in Sources */,
				A10000000000000000000011 /* DeviceModelCatalog.swift in Sources */,
				A10000000000000000000012 /* SystemMeasurements.swift in Sources */,
				A10000000000000000000016 /* ExecutionEnvironment.swift in Sources */,
				A10000000000000000000017 /* PilotPlan.swift in Sources */,
				A10000000000000000000018 /* ModelPreparation.swift in Sources */,
				A10000000000000000000004 /* LanguageModelRuntime.swift in Sources */,
				A10000000000000000000005 /* BenchmarkRunner.swift in Sources */,
				A10000000000000000000013 /* BenchmarkMetrics.swift in Sources */,
				A10000000000000000000014 /* PilotResultBundle.swift in Sources */,
				A10000000000000000000023 /* UXResultBundle.swift in Sources */,
				A10000000000000000000024 /* InputSweepResultBundle.swift in Sources */,
				A10000000000000000000027 /* ContextAnswerContract.swift in Sources */,
				A10000000000000000000028 /* ContextAssistanceResultBundle.swift in Sources */,
				A10000000000000000000029 /* SuiteBPlanRegistry.swift in Sources */,
				A10000000000000000000031 /* SuiteBResultBundle.swift in Sources */,
				A10000000000000000000032 /* CommunitySubmissionBundle.swift in Sources */,
				A10000000000000000000015 /* ResultStore.swift in Sources */,
				A10000000000000000000008 /* MLXSwiftRuntime.swift in Sources */,
				A10000000000000000000009 /* BenchmarkViewModel.swift in Sources */,
			);
			runOnlyForDeploymentPostprocessing = 0;
		};
		A90000000000000000000003 /* Sources */ = {
			isa = PBXSourcesBuildPhase;
			buildActionMask = 2147483647;
			files = (
				A10000000000000000000006 /* BenchmarkRunnerTests.swift in Sources */,
				A10000000000000000000020 /* ModelPreparationTests.swift in Sources */,
			);
			runOnlyForDeploymentPostprocessing = 0;
		};
/* End PBXSourcesBuildPhase section */

/* Begin PBXTargetDependency section */
		A30000000000000000000002 /* PBXTargetDependency */ = {
			isa = PBXTargetDependency;
			target = A50000000000000000000001 /* BenchmarkApp */;
			targetProxy = A30000000000000000000001 /* PBXContainerItemProxy */;
		};
/* End PBXTargetDependency section */

/* Begin XCBuildConfiguration section */
		B10000000000000000000001 /* Debug */ = {
			isa = XCBuildConfiguration;
			buildSettings = {
				ALWAYS_SEARCH_USER_PATHS = NO;
				CLANG_ENABLE_MODULES = YES;
				IPHONEOS_DEPLOYMENT_TARGET = 26.0;
				SDKROOT = iphoneos;
				SWIFT_VERSION = 6.0;
			};
			name = Debug;
		};
		B10000000000000000000002 /* Release */ = {
			isa = XCBuildConfiguration;
			buildSettings = {
				ALWAYS_SEARCH_USER_PATHS = NO;
				CLANG_ENABLE_MODULES = YES;
				IPHONEOS_DEPLOYMENT_TARGET = 26.0;
				SDKROOT = iphoneos;
				SWIFT_VERSION = 6.0;
			};
			name = Release;
		};
		B10000000000000000000003 /* Debug */ = {
			isa = XCBuildConfiguration;
			buildSettings = {
				CODE_SIGN_STYLE = Automatic;
				CURRENT_PROJECT_VERSION = 8;
				DEVELOPMENT_TEAM = ZMN7LG4SD9;
				ENABLE_TESTABILITY = YES;
				GENERATE_INFOPLIST_FILE = YES;
				INFOPLIST_KEY_CFBundleDisplayName = "LLM Benchmark";
				INFOPLIST_KEY_GIT_COMMIT_SHA = "$(GIT_COMMIT_SHA)";
				INFOPLIST_KEY_UIApplicationSceneManifest_Generation = YES;
				INFOPLIST_KEY_UIApplicationSupportsIndirectInputEvents = YES;
				INFOPLIST_KEY_UILaunchScreen_Generation = YES;
				MARKETING_VERSION = 0.6.0;
				PRODUCT_BUNDLE_IDENTIFIER = org.iosllmleaderboard.benchmark;
				PRODUCT_NAME = "$(TARGET_NAME)";
				SUPPORTED_PLATFORMS = "iphoneos iphonesimulator";
				SUPPORTS_MACCATALYST = NO;
				SUPPORTS_XR_DESIGNED_FOR_IPHONE_IPAD = NO;
				SWIFT_EMIT_LOC_STRINGS = YES;
				SWIFT_OPTIMIZATION_LEVEL = "-Onone";
				TARGETED_DEVICE_FAMILY = 1;
			};
			name = Debug;
		};
		B10000000000000000000004 /* Release */ = {
			isa = XCBuildConfiguration;
			buildSettings = {
				CODE_SIGN_STYLE = Automatic;
				CURRENT_PROJECT_VERSION = 8;
				DEVELOPMENT_TEAM = ZMN7LG4SD9;
				GENERATE_INFOPLIST_FILE = YES;
				INFOPLIST_KEY_CFBundleDisplayName = "LLM Benchmark";
				INFOPLIST_KEY_GIT_COMMIT_SHA = "$(GIT_COMMIT_SHA)";
				INFOPLIST_KEY_UIApplicationSceneManifest_Generation = YES;
				INFOPLIST_KEY_UIApplicationSupportsIndirectInputEvents = YES;
				INFOPLIST_KEY_UILaunchScreen_Generation = YES;
				MARKETING_VERSION = 0.6.0;
				PRODUCT_BUNDLE_IDENTIFIER = org.iosllmleaderboard.benchmark;
				PRODUCT_NAME = "$(TARGET_NAME)";
				SUPPORTED_PLATFORMS = "iphoneos iphonesimulator";
				SUPPORTS_MACCATALYST = NO;
				SUPPORTS_XR_DESIGNED_FOR_IPHONE_IPAD = NO;
				SWIFT_EMIT_LOC_STRINGS = YES;
				TARGETED_DEVICE_FAMILY = 1;
			};
			name = Release;
		};
		B10000000000000000000005 /* Debug */ = {
			isa = XCBuildConfiguration;
			buildSettings = {
				BUNDLE_LOADER = "$(TEST_HOST)";
				CODE_SIGN_STYLE = Automatic;
				GENERATE_INFOPLIST_FILE = YES;
				IPHONEOS_DEPLOYMENT_TARGET = 26.0;
				PRODUCT_BUNDLE_IDENTIFIER = org.iosllmleaderboard.benchmark.tests;
				PRODUCT_NAME = "$(TARGET_NAME)";
				SWIFT_VERSION = 6.0;
				TARGETED_DEVICE_FAMILY = 1;
				TEST_HOST = "$(BUILT_PRODUCTS_DIR)/BenchmarkApp.app/$(BUNDLE_EXECUTABLE_FOLDER_PATH)/BenchmarkApp";
			};
			name = Debug;
		};
		B10000000000000000000006 /* Release */ = {
			isa = XCBuildConfiguration;
			buildSettings = {
				BUNDLE_LOADER = "$(TEST_HOST)";
				CODE_SIGN_STYLE = Automatic;
				GENERATE_INFOPLIST_FILE = YES;
				IPHONEOS_DEPLOYMENT_TARGET = 26.0;
				PRODUCT_BUNDLE_IDENTIFIER = org.iosllmleaderboard.benchmark.tests;
				PRODUCT_NAME = "$(TARGET_NAME)";
				SWIFT_VERSION = 6.0;
				TARGETED_DEVICE_FAMILY = 1;
				TEST_HOST = "$(BUILT_PRODUCTS_DIR)/BenchmarkApp.app/$(BUNDLE_EXECUTABLE_FOLDER_PATH)/BenchmarkApp";
			};
			name = Release;
		};
/* End XCBuildConfiguration section */

/* Begin XCConfigurationList section */
		A80000000000000000000001 /* Build configuration list for PBXNativeTarget "BenchmarkApp" */ = {
			isa = XCConfigurationList;
			buildConfigurations = (
				B10000000000000000000003 /* Debug */,
				B10000000000000000000004 /* Release */,
			);
			defaultConfigurationIsVisible = 0;
			defaultConfigurationName = Release;
		};
		A80000000000000000000002 /* Build configuration list for PBXNativeTarget "BenchmarkAppTests" */ = {
			isa = XCConfigurationList;
			buildConfigurations = (
				B10000000000000000000005 /* Debug */,
				B10000000000000000000006 /* Release */,
			);
			defaultConfigurationIsVisible = 0;
			defaultConfigurationName = Release;
		};
		A80000000000000000000003 /* Build configuration list for PBXProject "BenchmarkApp" */ = {
			isa = XCConfigurationList;
			buildConfigurations = (
				B10000000000000000000001 /* Debug */,
				B10000000000000000000002 /* Release */,
			);
			defaultConfigurationIsVisible = 0;
			defaultConfigurationName = Release;
		};
/* End XCConfigurationList section */

/* Begin XCRemoteSwiftPackageReference section */
		C30000000000000000000001 /* XCRemoteSwiftPackageReference "mlx-swift-lm" */ = {
			isa = XCRemoteSwiftPackageReference;
			repositoryURL = "https://github.com/ml-explore/mlx-swift-lm";
			requirement = {
				kind = exactVersion;
				version = 3.31.4;
			};
		};
		C30000000000000000000002 /* XCRemoteSwiftPackageReference "swift-huggingface" */ = {
			isa = XCRemoteSwiftPackageReference;
			repositoryURL = "https://github.com/huggingface/swift-huggingface";
			requirement = {
				kind = exactVersion;
				version = 0.9.0;
			};
		};
		C30000000000000000000003 /* XCRemoteSwiftPackageReference "swift-transformers" */ = {
			isa = XCRemoteSwiftPackageReference;
			repositoryURL = "https://github.com/huggingface/swift-transformers";
			requirement = {
				kind = exactVersion;
				version = 1.3.0;
			};
		};
/* End XCRemoteSwiftPackageReference section */

/* Begin XCSwiftPackageProductDependency section */
		C20000000000000000000001 /* MLXLLM */ = {
			isa = XCSwiftPackageProductDependency;
			package = C30000000000000000000001 /* XCRemoteSwiftPackageReference "mlx-swift-lm" */;
			productName = MLXLLM;
		};
		C20000000000000000000002 /* MLXLMCommon */ = {
			isa = XCSwiftPackageProductDependency;
			package = C30000000000000000000001 /* XCRemoteSwiftPackageReference "mlx-swift-lm" */;
			productName = MLXLMCommon;
		};
		C20000000000000000000004 /* HuggingFace */ = {
			isa = XCSwiftPackageProductDependency;
			package = C30000000000000000000002 /* XCRemoteSwiftPackageReference "swift-huggingface" */;
			productName = HuggingFace;
		};
		C20000000000000000000005 /* Tokenizers */ = {
			isa = XCSwiftPackageProductDependency;
			package = C30000000000000000000003 /* XCRemoteSwiftPackageReference "swift-transformers" */;
			productName = Tokenizers;
		};
/* End XCSwiftPackageProductDependency section */
	};
	rootObject = A40000000000000000000001 /* Project object */;
}
